
Microsoft Visual Studio Solution File, Format Version 12.00
# Visual Studio 15
VisualStudioVersion = 15.0.27004.2002
MinimumVisualStudioVersion = 10.0.40219.1
Project("{FAE04EC0-301F-11D3-BF4B-00C04F79EFBC}") = "Scenario.SMSGateWay", "Scenario.SMSGateWay\Scenario.SMSGateWay.csproj", "{0EA4AB2F-E615-48C5-AE7D-F15D65F1F212}"
EndProject
Project("{FAE04EC0-301F-11D3-BF4B-00C04F79EFBC}") = "Scenario.GSMSMSEngine", "GSMSMSEngine\Scenario.GSMSMSEngine\Scenario.GSMSMSEngine.csproj", "{5F8A229F-4742-4BA8-AC83-876BD2314592}"
EndProject
Global
	GlobalSection(SolutionConfigurationPlatforms) = preSolution
		Debug|Any CPU = Debug|Any CPU
		Release|Any CPU = Release|Any CPU
	EndGlobalSection
	GlobalSection(ProjectConfigurationPlatforms) = postSolution
		{0EA4AB2F-E615-48C5-AE7D-F15D65F1F212}.Debug|Any CPU.ActiveCfg = Debug|Any CPU
		{0EA4AB2F-E615-48C5-AE7D-F15D65F1F212}.Debug|Any CPU.Build.0 = Debug|Any CPU
		{0EA4AB2F-E615-48C5-AE7D-F15D65F1F212}.Release|Any CPU.ActiveCfg = Release|Any CPU
		{0EA4AB2F-E615-48C5-AE7D-F15D65F1F212}.Release|Any CPU.Build.0 = Release|Any CPU
		{5F8A229F-4742-4BA8-AC83-876BD2314592}.Debug|Any CPU.ActiveCfg = Debug|Any CPU
		{5F8A229F-4742-4BA8-AC83-876BD2314592}.Debug|Any CPU.Build.0 = Debug|Any CPU
		{5F8A229F-4742-4BA8-AC83-876BD2314592}.Release|Any CPU.ActiveCfg = Release|Any CPU
		{5F8A229F-4742-4BA8-AC83-876BD2314592}.Release|Any CPU.Build.0 = Release|Any CPU
	EndGlobalSection
	GlobalSection(SolutionProperties) = preSolution
		HideSolutionNode = FALSE
	EndGlobalSection
	GlobalSection(ExtensibilityGlobals) = postSolution
		SolutionGuid = {5453CD2B-FB41-400E-A2C3-D3768ABAEB39}
	EndGlobalSection
EndGlobal
